{
    "_meta": {
        "hash": {
            "sha256": "3a3105eb89e07bc84dd9775428c9687a64c2ad1fbc0cbb26a76b54e45e3d675c"
        },
        "pipfile-spec": 6,
        "requires": {
            "python_version": "3.9"
        },
        "sources": [
            {
                "name": "pypi",
                "url": "https://pypi.python.org/simple",
                "verify_ssl": true
            }
        ]
    },
    "default": {
        "attrs": {
            "hashes": [
                "sha256:149e90d6d8ac20db7a955ad60cf0e6881a3f20d37096140088356da6c716b0b1",
                "sha256:ef6aaac3ca6cd92904cdd0d83f629a15f18053ec84e6432106f7a4d04ae4f5fb"
            ],
            "version": "==21.2.0"
        },
        "click": {
            "hashes": [
                "sha256:353f466495adaeb40b6b5f592f9f91cb22372351c84caeb068132442a4518ef3",
                "sha256:410e932b050f5eed773c4cda94de75971c89cdb3155a72a0831139a79e5ecb5b"
            ],
            "version": "==8.0.3"
        },
        "ddtrace": {
            "hashes": [
                "sha256:07a89f9053145b4f3dcf503fb8046008e3bbf657d7209e84585a66e4e0bdba9d",
                "sha256:0bf429e1792e882934aa625747d1599266dcfc61de7e5cdea9924675aea191ba",
                "sha256:0f7152f5cca5a7dbd24d6197e5af5f740d835120382640bd5a4ba9a5e0b2f300",
                "sha256:1038c7a40e1870b70914f3c0fc2fe641efdfe9403f12fec255c15903281afe83",
                "sha256:1fb4e52e0a3074c2ecc9507cd741e35b7fd22df246178ed9a50f4cca2742433b",
                "sha256:214597c02642c333302ff7df66f26341124b5e312fb4227a18a2f08e13e4b5a9",
                "sha256:22f351395ecd576eac43a23ccb652de9c6db431207ae79d6cf17a238c17e4ab8",
                "sha256:2311886ff2ce73e0cc3701c101adfd665212925afd7a94f9254bae8147d55ba4",
                "sha256:28a0cc8a0876ccb541f1a582e654553bcfafd9b28a8af6091547cd8108fb868d",
                "sha256:2cff209b277dbd4eed9abcfc0eafa6c9b2f69e4414401255274c80a744baa689",
                "sha256:3777a6abbc2f369b26d8f160a352989cdbbf3a71fd252e2240ad7259df0ae73d",
                "sha256:3a636b2515b02c54b5795e7976213c1f10f08c9f399f270e5a7134bb72f95866",
                "sha256:3c8cacd71d7d1a7915917f2b63c46888b848e7274a4dc76c1cc30b6f9b3e6068",
                "sha256:3f8bdf4b7d22b9e123dc77d0c64471a29879f7ba671e4df68fc47e9d451d97f3",
                "sha256:46d04de0579646fcdcde3789e2259627ce003a6db9fa89be738b1e020d8f0eed",
                "sha256:54ecfefe88f8fa1e7073286f4b253ee064241e5dadf97ac69dba730a33d529cf",
                "sha256:567d55f3df22cfbf3f0a61a2bbefcab5606fed02ac97d2add955a401fbc4d379",
                "sha256:5733269bc3c5d821eb8092a0fdc4b3b0e70f42104efb969c8929cc05dec47e35",
                "sha256:60d8d42fc0531b54db11f348be9a01d15ee979b5803d6706958ba80d977c1ebe",
                "sha256:628566ed5904ebceddac39c73e56181f9996244d500540c3d6d4f0a30c726f45",
                "sha256:62b38c8c7d7266ba504e5df3f26ec4c7cfa9081e27ac610e32a51525cc11e20f",
                "sha256:63398ee91739ab6eee0597549b8215c44620dd8f8d01e739e3962ec86140a236",
                "sha256:63b8bb052de90e8a739bc0b184558ea6c2a0d5dbce902379e5d1e22bdd27be9b",
                "sha256:75fbe18d26a321fb587e820513f52f483b62aaaf830de8660369105caa5602de",
                "sha256:79f8c076baeccb4bfd292d7dd56a2a9755b2bbd69a9224980d61f5c73f6763b2",
                "sha256:7b2e70e8ddf0bf0f34102f29741a5820a94e6b1aaba1c8ed2c5544b38e5e7404",
                "sha256:825ab138840bbc96056729bc9527da9dfbb724b0bc81f827ed8b38ffb563ca9b",
                "sha256:919a0c1f1f0cac96592946f0cc98e52bf9152d7234a68a2a353e61fbda90321e",
                "sha256:94af81eaacd608f04b6837251bdd67db17056a9483718e325ecc9860e7b97ccf",
                "sha256:97aa9309bc646cfe8a57b9dda0bcb26e02b1e86c3736835786db524a1053ffb2",
                "sha256:9918b71dce6aee31fe2f7b31007c77b461940f540f7e7fd77810f4d1a2127622",
                "sha256:9b0c5965981332c3fed3eb3ed2ec204e324fe1d55da190e09897fa9d59287452",
                "sha256:9b90eddeea706fecc8e62751f843c67b27d8ca45bfd2d50178db120c5c974a1f",
                "sha256:ae1abc41003fc63c1e0e38f6ef9c2f3fac6b8e70d582212c86dbb85cd734af38",
                "sha256:b349d9ff4675d5f01d4e55e2b88d9ceb2869ed6b3f40dedf4b6e95218e60c9d7",
                "sha256:c49c8c26775a39a00f95c286a3a48ef77caf55ba32878dd1fdcb8dc4193c3102",
                "sha256:c9eec09f8f92d1d84fc5cf4f77f2e2b7a91cf350f592455f3cd2bc1e5a522c7d",
                "sha256:df483b588214d995caac61b4ce13faca83c25d126963cf35ae1567ab12fa6a54",
                "sha256:e00ad5fc66fca76d1bd9a8545aa2b01a1ff73d6129a21389e2855a5210ee80fe",
                "sha256:e76a8a69dc0d393af1e456310d03a157a647c6051f0977276b635516d05c3e8e",
                "sha256:e9ada8a323d945bee6bbeb84f1770d8ae1e9a6fe5dbdefacdef16b209d0fb9b7",
                "sha256:ecb9aeaa0c1cea8654ae6e09bb4e5938086af753eeb8fb6f809dcea6aa605294",
                "sha256:ece0e7aff9c8693ede200f8d0c604a89cc6d3bda3c388984f20d48368db53f3b",
                "sha256:f9af30afcdd4336a4636d802eee47efab50cf04a790438774291d065d75ade8e",
                "sha256:fac315c076e03b9514464ff870443b47567cec1499da6e8d07d73c2dbcd478ba"
            ],
            "index": "pypi",
            "version": "==0.55.0"
        },
        "dnspython": {
            "hashes": [
                "sha256:95d12f6ef0317118d2a1a6fc49aac65ffec7eb8087474158f42f26a639135216",
                "sha256:e4a87f0b573201a0f3727fa18a516b055fd1107e0e5477cded4a2de497df1dd4"
            ],
            "index": "pypi",
            "version": "==2.1.0"
        },
        "flask": {
            "hashes": [
                "sha256:7b2fb8e934ddd50731893bdcdb00fc8c0315916f9fcd50d22c7cc1a95ab634e2",
                "sha256:cb90f62f1d8e4dc4621f52106613488b5ba826b2e1e10a33eac92f723093ab6a"
            ],
            "index": "pypi",
            "version": "==2.0.2"
        },
        "flask-pymongo": {
            "hashes": [
                "sha256:620eb02dc8808a5fcb90f26cab6cba9d6bf497b15032ae3ca99df80366e33314",
                "sha256:8a9577a2c6d00b49f21cb5a5a8d72561730364a2d745551a85349ab02f86fc73"
            ],
            "index": "pypi",
            "version": "==2.3.0"
        },
        "gunicorn": {
            "hashes": [
                "sha256:9dcc4547dbb1cb284accfb15ab5667a0e5d1881cc443e0677b4882a4067a807e",
                "sha256:e0a968b5ba15f8a328fdfd7ab1fcb5af4470c28aaf7e55df02a99bc13138e6e8"
            ],
            "index": "pypi",
            "version": "==20.1.0"
        },
        "itsdangerous": {
            "hashes": [
                "sha256:5174094b9637652bdb841a3029700391451bd092ba3db90600dea710ba28e97c",
                "sha256:9e724d68fc22902a1435351f84c3fb8623f303fffcc566a4cb952df8c572cff0"
            ],
            "version": "==2.0.1"
        },
        "jinja2": {
            "hashes": [
                "sha256:827a0e32839ab1600d4eb1c4c33ec5a8edfbc5cb42dafa13b81f182f97784b45",
                "sha256:8569982d3f0889eed11dd620c706d39b60c36d6d25843961f33f77fb6bc6b20c"
            ],
            "version": "==3.0.2"
        },
        "markupsafe": {
            "hashes": [
                "sha256:01a9b8ea66f1658938f65b93a85ebe8bc016e6769611be228d797c9d998dd298",
                "sha256:023cb26ec21ece8dc3907c0e8320058b2e0cb3c55cf9564da612bc325bed5e64",
                "sha256:0446679737af14f45767963a1a9ef7620189912317d095f2d9ffa183a4d25d2b",
                "sha256:04635854b943835a6ea959e948d19dcd311762c5c0c6e1f0e16ee57022669194",
                "sha256:0717a7390a68be14b8c793ba258e075c6f4ca819f15edfc2a3a027c823718567",
                "sha256:0955295dd5eec6cb6cc2fe1698f4c6d84af2e92de33fbcac4111913cd100a6ff",
                "sha256:0d4b31cc67ab36e3392bbf3862cfbadac3db12bdd8b02a2731f509ed5b829724",
                "sha256:10f82115e21dc0dfec9ab5c0223652f7197feb168c940f3ef61563fc2d6beb74",
                "sha256:168cd0a3642de83558a5153c8bd34f175a9a6e7f6dc6384b9655d2697312a646",
                "sha256:1d609f577dc6e1aa17d746f8bd3c31aa4d258f4070d61b2aa5c4166c1539de35",
                "sha256:1f2ade76b9903f39aa442b4aadd2177decb66525062db244b35d71d0ee8599b6",
                "sha256:20dca64a3ef2d6e4d5d615a3fd418ad3bde77a47ec8a23d984a12b5b4c74491a",
                "sha256:2a7d351cbd8cfeb19ca00de495e224dea7e7d919659c2841bbb7f420ad03e2d6",
                "sha256:2d7d807855b419fc2ed3e631034685db6079889a1f01d5d9dac950f764da3dad",
                "sha256:2ef54abee730b502252bcdf31b10dacb0a416229b72c18b19e24a4509f273d26",
                "sha256:36bc903cbb393720fad60fc28c10de6acf10dc6cc883f3e24ee4012371399a38",
                "sha256:37205cac2a79194e3750b0af2a5720d95f786a55ce7df90c3af697bfa100eaac",
                "sha256:3c112550557578c26af18a1ccc9e090bfe03832ae994343cfdacd287db6a6ae7",
                "sha256:3dd007d54ee88b46be476e293f48c85048603f5f516008bee124ddd891398ed6",
                "sha256:4296f2b1ce8c86a6aea78613c34bb1a672ea0e3de9c6ba08a960efe0b0a09047",
                "sha256:47ab1e7b91c098ab893b828deafa1203de86d0bc6ab587b160f78fe6c4011f75",
                "sha256:49e3ceeabbfb9d66c3aef5af3a60cc43b85c33df25ce03d0031a608b0a8b2e3f",
                "sha256:4dc8f9fb58f7364b63fd9f85013b780ef83c11857ae79f2feda41e270468dd9b",
                "sha256:4efca8f86c54b22348a5467704e3fec767b2db12fc39c6d963168ab1d3fc9135",
                "sha256:53edb4da6925ad13c07b6d26c2a852bd81e364f95301c66e930ab2aef5b5ddd8",
                "sha256:5855f8438a7d1d458206a2466bf82b0f104a3724bf96a1c781ab731e4201731a",
                "sha256:594c67807fb16238b30c44bdf74f36c02cdf22d1c8cda91ef8a0ed8dabf5620a",
                "sha256:5b6d930f030f8ed98e3e6c98ffa0652bdb82601e7a016ec2ab5d7ff23baa78d1",
                "sha256:5bb28c636d87e840583ee3adeb78172efc47c8b26127267f54a9c0ec251d41a9",
                "sha256:60bf42e36abfaf9aff1f50f52644b336d4f0a3fd6d8a60ca0d054ac9f713a864",
                "sha256:611d1ad9a4288cf3e3c16014564df047fe08410e628f89805e475368bd304914",
                "sha256:6300b8454aa6930a24b9618fbb54b5a68135092bc666f7b06901f897fa5c2fee",
                "sha256:63f3268ba69ace99cab4e3e3b5840b03340efed0948ab8f78d2fd87ee5442a4f",
                "sha256:6557b31b5e2c9ddf0de32a691f2312a32f77cd7681d8af66c2692efdbef84c18",
                "sha256:693ce3f9e70a6cf7d2fb9e6c9d8b204b6b39897a2c4a1aa65728d5ac97dcc1d8",
                "sha256:6a7fae0dd14cf60ad5ff42baa2e95727c3d81ded453457771d02b7d2b3f9c0c2",
                "sha256:6c4ca60fa24e85fe25b912b01e62cb969d69a23a5d5867682dd3e80b5b02581d",
                "sha256:6fcf051089389abe060c9cd7caa212c707e58153afa2c649f00346ce6d260f1b",
                "sha256:7d91275b0245b1da4d4cfa07e0faedd5b0812efc15b702576d103293e252af1b",
                "sha256:89c687013cb1cd489a0f0ac24febe8c7a666e6e221b783e53ac50ebf68e45d86",
                "sha256:8d206346619592c6200148b01a2142798c989edcb9c896f9ac9722a99d4e77e6",
                "sha256:905fec760bd2fa1388bb5b489ee8ee5f7291d692638ea5f67982d968366bef9f",
                "sha256:97383d78eb34da7e1fa37dd273c20ad4320929af65d156e35a5e2d89566d9dfb",
                "sha256:984d76483eb32f1bcb536dc27e4ad56bba4baa70be32fa87152832cdd9db0833",
                "sha256:99df47edb6bda1249d3e80fdabb1dab8c08ef3975f69aed437cb69d0a5de1e28",
                "sha256:9f02365d4e99430a12647f09b6cc8bab61a6564363f313126f775eb4f6ef798e",
                "sha256:a30e67a65b53ea0a5e62fe23682cfe22712e01f453b95233b25502f7c61cb415",
                "sha256:ab3ef638ace319fa26553db0624c4699e31a28bb2a835c5faca8f8acf6a5a902",
                "sha256:aca6377c0cb8a8253e493c6b451565ac77e98c2951c45f913e0b52facdcff83f",
                "sha256:add36cb2dbb8b736611303cd3bfcee00afd96471b09cda130da3581cbdc56a6d",
                "sha256:b2f4bf27480f5e5e8ce285a8c8fd176c0b03e93dcc6646477d4630e83440c6a9",
                "sha256:b7f2d075102dc8c794cbde1947378051c4e5180d52d276987b8d28a3bd58c17d",
                "sha256:baa1a4e8f868845af802979fcdbf0bb11f94f1cb7ced4c4b8a351bb60d108145",
                "sha256:be98f628055368795d818ebf93da628541e10b75b41c559fdf36d104c5787066",
                "sha256:bf5d821ffabf0ef3533c39c518f3357b171a1651c1ff6827325e4489b0e46c3c",
                "sha256:c47adbc92fc1bb2b3274c4b3a43ae0e4573d9fbff4f54cd484555edbf030baf1",
                "sha256:cdfba22ea2f0029c9261a4bd07e830a8da012291fbe44dc794e488b6c9bb353a",
                "sha256:d6c7ebd4e944c85e2c3421e612a7057a2f48d478d79e61800d81468a8d842207",
                "sha256:d7f9850398e85aba693bb640262d3611788b1f29a79f0c93c565694658f4071f",
                "sha256:d8446c54dc28c01e5a2dbac5a25f071f6653e6e40f3a8818e8b45d790fe6ef53",
                "sha256:deb993cacb280823246a026e3b2d81c493c53de6acfd5e6bfe31ab3402bb37dd",
                "sha256:e0f138900af21926a02425cf736db95be9f4af72ba1bb21453432a07f6082134",
                "sha256:e9936f0b261d4df76ad22f8fee3ae83b60d7c3e871292cd42f40b81b70afae85",
                "sha256:f0567c4dc99f264f49fe27da5f735f414c4e7e7dd850cfd8e69f0862d7c74ea9",
                "sha256:f5653a225f31e113b152e56f154ccbe59eeb1c7487b39b9d9f9cdb58e6c79dc5",
                "sha256:f826e31d18b516f653fe296d967d700fddad5901ae07c622bb3705955e1faa94",
                "sha256:f8ba0e8349a38d3001fae7eadded3f6606f0da5d748ee53cc1dab1d6527b9509",
                "sha256:f9081981fe268bd86831e5c75f7de206ef275defcb82bc70740ae6dc507aee51",
                "sha256:fa130dd50c57d53368c9d59395cb5526eda596d3ffe36666cd81a44d56e48872"
            ],
            "version": "==2.0.1"
        },
        "packaging": {
            "hashes": [
                "sha256:7dc96269f53a4ccec5c0670940a4281106dd0bb343f47b7471f779df49c2fbe7",
                "sha256:c86254f9220d55e31cc94d69bade760f0847da8000def4dfe1c6b872fd14ff14"
            ],
            "version": "==21.0"
        },
        "protobuf": {
            "hashes": [
                "sha256:01a0645ef3acddfbc90237e1cdfae1086130fc7cb480b5874656193afd657083",
                "sha256:2f6046b9e2feee0dce994493186e8715b4392ed5f50f356280ad9c2f9f93080a",
                "sha256:34a77b8fafdeb8f89fee2b7108ae60d8958d72e33478680cc1e05517892ecc46",
                "sha256:36bf292f44966c67080e535321501717f4f1eba30faef8f2cd4b0c745a027211",
                "sha256:3fea09aa04ef2f8b01fcc9bb87f19509934f8a35d177c865b8f9ee5c32b60c1b",
                "sha256:4f93e0f6af796ddd1502225ff8ea25340ced186ca05b601c44d5c88b45ba80a0",
                "sha256:6a1dc6584d24ef86f5b104bcad64fa0fe06ed36e5687f426e0445d363a041d18",
                "sha256:6f16925f5c977dd7787973a50c242e60c22b1d1182aba6bec7bd02862579c10f",
                "sha256:708d04394a63ee9bdc797938b6e15ed5bf24a1cb37743eb3886fd74a5a67a234",
                "sha256:7b3867795708ac88fde8d6f34f0d9a50af56087e41f624bdb2e9ff808ea5dda7",
                "sha256:8488c2276f14f294e890cc1260ab342a13e90cd20dcc03319d2eea258f1fd321",
                "sha256:942dd6bc8bd2a3c6a156d8ab0f80bd45313f22b78e1176283270054dcc8ca4c2",
                "sha256:9a8a880593015ef2c83f7af797fa4fbf583b2c98b4bd94e46c5b61fee319d84b",
                "sha256:a74432e9d28a6072a2359a0f49f81eb14dd718e7dbbfb6c0789b456c49e1f130",
                "sha256:ac2f8ec942d414609aba0331952ae12bb823e8f424bbb6b8c422f1cef32dc842",
                "sha256:b64be5d7270cf5e76375bac049846e8a9543a2d4368b69afe78ab725380a7487",
                "sha256:c96e94d3e523a82caa3e5f74b35dd1c4884199358d01c950d95c341255ff48bc",
                "sha256:c99af73ae34c93e0e2ace57ea2e70243f34fc015c8c23fd39ee93652e726f7e7",
                "sha256:d1f4277d321f60456845ca9b882c4845736f1f5c1c69eb778eba22a97977d8af",
                "sha256:d3861c9721a90ba83ee0936a9cfcc4fa1c4b4144ac9658fb6f6343b38558e9b4",
                "sha256:d4ca5f0c7bc8d2e6966ca3bbd85e9ebe7191b6e21f067896d4af6b28ecff29fe",
                "sha256:ee4d07d596357f51316b6ecf1cc1927660e9d5e418385bb1c51fd2496cd9bee7",
                "sha256:f7a031cf8e2fc14acc0ba694f6dff0a01e06b70d817eba6edc72ee6cc20517ac",
                "sha256:f9097327d277b0aa4a3224e61cd6850aef3269172397715299bcffc9f90293c9"
            ],
            "markers": "python_version >= '3.6'",
            "version": "==3.19.0"
        },
        "pymongo": {
            "hashes": [
                "sha256:02e0c088f189ca69fac094cb5f851b43bbbd7cec42114495777d4d8f297f7f8a",
                "sha256:138248c542051eb462f88b50b0267bd5286d6661064bab06faa0ef6ac30cdb4b",
                "sha256:13a7c6d055af58a1e9c505e736da8b6a2e95ccc8cec10b008143f7a536e5de8a",
                "sha256:13d74bf3435c1e58d8fafccc0d5e87f246ae2c6e9cbef4b35e32a1c3759e354f",
                "sha256:15dae01341571d0af51526b7a21648ca575e9375e16ba045c9860848dfa8952f",
                "sha256:17238115e6d37f5423b046cb829f1ca02c4ea7edb163f5b8b88e0c975dc3fec9",
                "sha256:180b405e17b90a877ea5dbc5efe7f4c171af4c89323148e100c0f12cedb86f12",
                "sha256:1821ce4e5a293313947fd017bbd2d2535aa6309680fa29b33d0442d15da296ec",
                "sha256:1a7b138a04fdd17849930dc8bf664002e17db38448850bfb96d200c9c5a8b3a1",
                "sha256:1c4e51a3b69789b6f468a8e881a13f2d1e8f5e99e41f80fd44845e6ec0f701e1",
                "sha256:1d55982e5335925c55e2b87467043866ce72bd30ea7e7e3eeed6ec3d95a806d4",
                "sha256:1fa6f08ddb6975371777f97592d35c771e713ee2250e55618148a5e57e260aff",
                "sha256:2174d3279b8e2b6d7613b338f684cd78ff7adf1e7ec5b7b7bde5609a129c9898",
                "sha256:2462a68f6675da548e333fa299d8e9807e00f95a4d198cfe9194d7be69f40c9b",
                "sha256:25fd76deabe9ea37c8360c362b32f702cc095a208dd1c5328189938ca7685847",
                "sha256:287c2a0063267c1458c4ddf528b44063ce7f376a6436eea5bccd7f625bbc3b5e",
                "sha256:2d3abe548a280b49269c7907d5b71199882510c484d680a5ea7860f30c4a695f",
                "sha256:2fa101bb23619120673899694a65b094364269e597f551a87c4bdae3a474d726",
                "sha256:2fda3b3fb5c0d159195ab834b322a23808f1b059bcc7e475765abeddee6a2529",
                "sha256:303531649fa45f96b694054c1aa02f79bda32ef57affe42c5c339336717eed74",
                "sha256:36806ee53a85c3ba73939652f2ced2961e6a77cfbae385cd83f2e24cd97964b7",
                "sha256:37a63da5ee623acdf98e6d511171c8a5827a6106b0712c18af4441ef4f11e6be",
                "sha256:3a2fcbd04273a509fa85285d9eccf17ab65ce440bd4f5e5a58c978e563cd9e9a",
                "sha256:3b40e36d3036bfe69ba63ec8e746a390721f75467085a0384b528e1dda532c69",
                "sha256:4168b6c425d783e81723fc3dc382d374a228ff29530436a472a36d9f27593e73",
                "sha256:444c00ebc20f2f9dc62e34f7dc9453dc2f5f5a72419c8dccad6e26d546c35712",
                "sha256:45d6b47d70ed44e3c40bef618ed61866c48176e7e5dff80d06d8b1a6192e8584",
                "sha256:460bdaa3f65ddb5b7474ae08589a1763b5da1a78b8348351b9ba1c63b459d67d",
                "sha256:47ed77f62c8417a86f9ad158b803f3459a636386cb9d3d4e9e7d6a82d051f907",
                "sha256:48722e91981bb22a16b0431ea01da3e1cc5b96805634d3b8d3c2a5315c1ce7f1",
                "sha256:49b0d92724d3fce1174fd30b0b428595072d5c6b14d6203e46a9ea347ae7b439",
                "sha256:4a2d73a9281faefb273a5448f6d25f44ebd311ada9eb79b6801ae890508fe231",
                "sha256:4f4bc64fe9cbd70d46f519f1e88c9e4677f7af18ab9cd4942abce2bcfa7549c3",
                "sha256:5067c04d3b19c820faac6342854d887ade58e8d38c3db79b68c2a102bbb100e7",
                "sha256:51437c77030bed72d57d8a61e22758e3c389b13fea7787c808030002bb05ca39",
                "sha256:515e4708d6567901ffc06476a38abe2c9093733f52638235d9f149579c1d3de0",
                "sha256:5183b698d6542219e4135de583b57bc6286bd37df7f645b688278eb919bfa785",
                "sha256:56feb80ea1f5334ccab9bd16a5161571ab70392e51fcc752fb8a1dc67125f663",
                "sha256:573e2387d0686976642142c50740dfc4d3494cc627e2a7d22782b99f70879055",
                "sha256:58a67b3800476232f9989e533d0244060309451b436d46670a53e6d189f1a7e7",
                "sha256:5e3833c001a04aa06a28c6fd9628256862a654c09b0f81c07734b5629bc014ab",
                "sha256:5f5fe59328838fa28958cc06ecf94be585726b97d637012f168bc3c7abe4fd81",
                "sha256:6235bf2157aa46e53568ed79b70603aa8874baa202d5d1de82fa0eb917696e73",
                "sha256:63be03f7ae1e15e72a234637ec7941ef229c7ab252c9ff6af48bba1e5418961c",
                "sha256:65f159c445761cab04b665fc448b3fc008aebc98e54fdcbfd1aff195ef1b1408",
                "sha256:67e0b2ad3692f6d0335ae231a40de55ec395b6c2e971ad6f55b162244d1ec542",
                "sha256:68409171ab2aa7ccd6e8e839233e4b8ddeec246383c9a3698614e814739356f9",
                "sha256:6a96c04ce39d66df60d9ce89f4c254c4967bc7d9e2e2c52adc58f47be826ee96",
                "sha256:6ead0126fb4424c6c6a4fdc603d699a9db7c03cdb8eac374c352a75fec8a820a",
                "sha256:6eb6789f26c398c383225e1313c8e75a7d290d323b8eaf65f3f3ddd0eb8a5a3c",
                "sha256:6f07888e3b73c0dfa46f12d098760494f5f23fd66923a6615edfe486e6a7649c",
                "sha256:6f0f0a10f128ea0898e607d351ebfabf70941494fc94e87f12c76e2894d8e6c4",
                "sha256:704879b6a54c45ad76cea7c6789c1ae7185050acea7afd15b58318fa1932ed45",
                "sha256:7117bfd8827cfe550f65a3c399dcd6e02226197a91c6d11a3540c3e8efc686d6",
                "sha256:712de1876608fd5d76abc3fc8ec55077278dd5044073fbe9492631c9a2c58351",
                "sha256:75c7ef67b4b8ec070e7a4740764f6c03ec9246b59d95e2ae45c029d41cb9efa1",
                "sha256:77dddf596fb065de29fb39992fbc81301f7fd0003be649b7fa7448c77ca53bed",
                "sha256:7abc87e45b572eb6d17a50422e69a9e5d6f13e691e821fe2312df512500faa50",
                "sha256:7d8cdd2f070c71366e64990653522cce84b08dc26ab0d1fa19aa8d14ee0cf9ba",
                "sha256:81ce5f871f5d8e82615c8bd0b34b68a9650204c8b1a04ce7890d58c98eb66e39",
                "sha256:837cdef094f39c6f4a2967abc646a412999c2540fbf5d3cce1dd3b671f4b876c",
                "sha256:849e641cfed05c75d772f9e9018f42c5fbd00655d43d52da1b9c56346fd3e4cc",
                "sha256:87114b995506e7584cf3daf891e419b5f6e7e383e7df6267494da3a76312aa22",
                "sha256:87db421c9eb915b8d9a9a13c5b2ee338350e36ee83e26ff0adfc48abc5db3ac3",
                "sha256:8851544168703fb519e95556e3b463fca4beeef7ed3f731d81a68c8268515d9d",
                "sha256:891f541c7ed29b95799da0cd249ae1db1842777b564e8205a197b038c5df6135",
                "sha256:8f87f53c9cd89010ae45490ec2c963ff18b31f5f290dc08b04151709589fe8d9",
                "sha256:9641be893ccce7d192a0094efd0a0d9f1783a1ebf314b4128f8a27bfadb8a77c",
                "sha256:979e34db4f3dc5710c18db437aaf282f691092b352e708cb2afd4df287698c76",
                "sha256:9b62d84478f471fdb0dcea3876acff38f146bd23cbdbed15074fb4622064ec2e",
                "sha256:a472ca3d43d33e596ff5836c6cc71c3e61be33f44fe1cfdab4a1100f4af60333",
                "sha256:a5dbeeea6a375fbd79448b48a54c46fc9351611a03ef8398d2a40b684ce46194",
                "sha256:a7430f3987d232e782304c109be1d0e6fff46ca6405cb2479e4d8d08cd29541e",
                "sha256:a81e52dbf95f236a0c89a5abcd2b6e1331da0c0312f471c73fae76c79d2acf6b",
                "sha256:aa434534cc91f51a85e3099dc257ee8034b3d2be77f2ca58fb335a686e3a681f",
                "sha256:ab27d6d7d41a66d9e54269a290d27cd5c74f08e9add0054a754b4821026c4f42",
                "sha256:adb37bf22d25a51b84d989a2a5c770d4514ac590201eea1cb50ce8c9c5257f1d",
                "sha256:afb16330ab6efbbf995375ad94e970fa2f89bb46bd10d854b7047620fdb0d67d",
                "sha256:b1b06038c9940a49c73db0aeb0f6809b308e198da1326171768cf68d843af521",
                "sha256:b1e6d1cf4bd6552b5f519432cce1530c09e6b0aab98d44803b991f7e880bd332",
                "sha256:bf2d9d62178bb5c05e77d40becf89c309b1966fbcfb5c306238f81bf1ec2d6a2",
                "sha256:bfd073fea04061019a103a288847846b5ef40dfa2f73b940ed61e399ca95314f",
                "sha256:c04e84ccf590933a266180286d8b6a5fc844078a5d934432628301bd8b5f9ca7",
                "sha256:c0947d7be30335cb4c3d5d0983d8ebc8294ae52503cf1d596c926f7e7183900b",
                "sha256:c2a17752f97a942bdb4ff4a0516a67c5ade1658ebe1ab2edacdec0b42e39fa75",
                "sha256:c4653830375ab019b86d218c749ad38908b74182b2863d09936aa8d7f990d30e",
                "sha256:c660fd1e4a4b52f79f7d134a3d31d452948477b7f46ff5061074a534c5805ba6",
                "sha256:cb48ff6cc6109190e1ccf8ea1fc71cc244c9185813ce7d1c415dce991cfb8709",
                "sha256:cef2675004d85d85a4ccc24730b73a99931547368d18ceeed1259a2d9fcddbc1",
                "sha256:d1b98539b0de822b6f717498e59ae3e5ae2e7f564370ab513e6d0c060753e447",
                "sha256:d6c6989c10008ac70c2bb2ad2b940fcfe883712746c89f7e3308c14c213a70d7",
                "sha256:db3efec9dcecd96555d752215797816da40315d61878f90ca39c8e269791bf17",
                "sha256:dc4749c230a71b34db50ac2481d9008bb17b67c92671c443c3b40e192fbea78e",
                "sha256:dcf906c1f7a33e4222e4bff18da1554d69323bc4dd95fe867a6fa80709ee5f93",
                "sha256:e2bccadbe313b11704160aaba5eec95d2da1aa663f02f41d2d1520d02bbbdcd5",
                "sha256:e30cce3cc86d6082c8596b3fbee0d4f54bc4d337a4fa1bf536920e2e319e24f0",
                "sha256:e5d6428b8b422ba5205140e8be11722fa7292a0bedaa8bc80fb34c92eb19ba45",
                "sha256:e841695b5dbea38909ab2dbf17e91e9a823412d8d88d1ef77f1b94a7bc551c0f",
                "sha256:eb65ec0255a0fccc47c87d44e505ef5180bfd71690bd5f84161b1f23949fb209",
                "sha256:ed20ec5a01c43254f6047c5d8124b70d28e39f128c8ad960b437644fe94e1827",
                "sha256:ed751a20840a31242e7bea566fcf93ba75bc11b33afe2777bbf46069c1af5094",
                "sha256:ef8b927813c27c3bdfc82c55682d7767403bcdadfd9f9c0fc49f4be4553a877b",
                "sha256:f43cacda46fc188f998e6d308afe1c61ff41dcb300949f4cbf731e9a0a5eb2d3",
                "sha256:f44bea60fd2178d7153deef9621c4b526a93939da30010bba24d3408a98b0f79",
                "sha256:fcc021530b7c71069132fe4846d95a3cdd74d143adc2f7e398d5fabf610f111c",
                "sha256:fe16517b275031d61261a4e3941c411fb7c46a9cd012f02381b56e7907cc9e06",
                "sha256:fe3ae4294d593da54862f0140fdcc89d1aeeb94258ca97f094119ed7f0e5882d"
            ],
            "version": "==3.12.1"
        },
        "pyparsing": {
            "hashes": [
                "sha256:84196357aa3566d64ad123d7a3c67b0e597a115c4934b097580e5ce220b91531",
                "sha256:fd93fc45c47893c300bd98f5dd1b41c0e783eaeb727e7cea210dcc09d64ce7c3"
            ],
            "version": "==3.0.1"
        },
        "six": {
            "hashes": [
                "sha256:1e61c37477a1626458e36f7b1d82aa5c9b094fa4802892072e49de9c60c4c926",
                "sha256:8abb2f1d86890a2dfb989f9a77cfcfd3e47c2a354b01111771326f8aa26e0254"
            ],
            "version": "==1.16.0"
        },
        "tenacity": {
            "hashes": [
                "sha256:43242a20e3e73291a28bcbcacfd6e000b02d3857a9a9fff56b297a27afdc932f",
                "sha256:f78f4ea81b0fabc06728c11dc2a8c01277bfc5181b321a4770471902e3eb844a"
            ],
            "version": "==8.0.1"
        },
        "werkzeug": {
            "hashes": [
                "sha256:63d3dc1cf60e7b7e35e97fa9861f7397283b75d765afcaefd993d6046899de8f",
                "sha256:aa2bb6fc8dee8d6c504c0ac1e7f5f7dc5810a9903e793b6f715a9f015bdadb9a"
            ],
            "version": "==2.0.2"
        }
    },
    "develop": {}
}
